
Microsoft Visual Studio Solution File, Format Version 12.00
# Visual Studio Version 17
VisualStudioVersion = 17.8.34322.80
MinimumVisualStudioVersion = 10.0.40219.1
Project("{FAE04EC0-301F-11D3-BF4B-00C04F79EFBC}") = "Apps.GitLab", "Apps.GitLab\Apps.GitLab.csproj", "{08DA241F-5E71-4FDD-8306-9C9E2A411466}"
EndProject
Global
	GlobalSection(SolutionConfigurationPlatforms) = preSolution
		Debug|Any CPU = Debug|Any CPU
		Release|Any CPU = Release|Any CPU
	EndGlobalSection
	GlobalSection(ProjectConfigurationPlatforms) = postSolution
		{08DA241F-5E71-4FDD-8306-9C9E2A411466}.Debug|Any CPU.ActiveCfg = Debug|Any CPU
		{08DA241F-5E71-4FDD-8306-9C9E2A411466}.Debug|Any CPU.Build.0 = Debug|Any CPU
		{08DA241F-5E71-4FDD-8306-9C9E2A411466}.Release|Any CPU.ActiveCfg = Release|Any CPU
		{08DA241F-5E71-4FDD-8306-9C9E2A411466}.Release|Any CPU.Build.0 = Release|Any CPU
	EndGlobalSection
	GlobalSection(SolutionProperties) = preSolution
		HideSolutionNode = FALSE
	EndGlobalSection
	GlobalSection(ExtensibilityGlobals) = postSolution
		SolutionGuid = {7A4E87B0-3096-44D8-ABD0-6BE524A7DC75}
	EndGlobalSection
EndGlobal
